
Microsoft Visual Studio Solution File, Format Version 12.00
# Visual Studio 15
VisualStudioVersion = 15.0.28307.329
MinimumVisualStudioVersion = 10.0.40219.1
Project("{FAE04EC0-301F-11D3-BF4B-00C04F79EFBC}") = "LazyAdmin", "LazyAdmin\LazyAdmin.csproj", "{F114800E-EEAA-4BDF-941D-20E67B0BD746}"
EndProject
Global
	GlobalSection(SolutionConfigurationPlatforms) = preSolution
		Debug|Any CPU = Debug|Any CPU
		Release|Any CPU = Release|Any CPU
	EndGlobalSection
	GlobalSection(ProjectConfigurationPlatforms) = postSolution
		{F114800E-EEAA-4BDF-941D-20E67B0BD746}.Debug|Any CPU.ActiveCfg = Debug|Any CPU
		{F114800E-EEAA-4BDF-941D-20E67B0BD746}.Debug|Any CPU.Build.0 = Debug|Any CPU
		{F114800E-EEAA-4BDF-941D-20E67B0BD746}.Release|Any CPU.ActiveCfg = Release|Any CPU
		{F114800E-EEAA-4BDF-941D-20E67B0BD746}.Release|Any CPU.Build.0 = Release|Any CPU
	EndGlobalSection
	GlobalSection(SolutionProperties) = preSolution
		HideSolutionNode = FALSE
	EndGlobalSection
	GlobalSection(ExtensibilityGlobals) = postSolution
		SolutionGuid = {35E1D420-DF51-46B6-8898-A1F4881A48E3}
	EndGlobalSection
EndGlobal
