
Microsoft Visual Studio Solution File, Format Version 12.00
# Visual Studio 15
VisualStudioVersion = 15.0.28307.329
MinimumVisualStudioVersion = 10.0.40219.1
Project("{FAE04EC0-301F-11D3-BF4B-00C04F79EFBC}") = "LazyAdmin", "LazyAdmin\LazyAdmin.csproj", "{BEE2142F-792F-480E-98F8-4552D50EAA5E}"
EndProject
Project("{FAE04EC0-301F-11D3-BF4B-00C04F79EFBC}") = "LazyAdminPanel", "LazyAdminPanel\LazyAdminPanel.csproj", "{DCBA41C1-9698-4C19-8BCF-4A5D5B7603E2}"
EndProject
Global
	GlobalSection(SolutionConfigurationPlatforms) = preSolution
		Debug|Any CPU = Debug|Any CPU
		Release|Any CPU = Release|Any CPU
	EndGlobalSection
	GlobalSection(ProjectConfigurationPlatforms) = postSolution
		{BEE2142F-792F-480E-98F8-4552D50EAA5E}.Debug|Any CPU.ActiveCfg = Debug|Any CPU
		{BEE2142F-792F-480E-98F8-4552D50EAA5E}.Debug|Any CPU.Build.0 = Debug|Any CPU
		{BEE2142F-792F-480E-98F8-4552D50EAA5E}.Release|Any CPU.ActiveCfg = Release|Any CPU
		{BEE2142F-792F-480E-98F8-4552D50EAA5E}.Release|Any CPU.Build.0 = Release|Any CPU
		{DCBA41C1-9698-4C19-8BCF-4A5D5B7603E2}.Debug|Any CPU.ActiveCfg = Debug|Any CPU
		{DCBA41C1-9698-4C19-8BCF-4A5D5B7603E2}.Debug|Any CPU.Build.0 = Debug|Any CPU
		{DCBA41C1-9698-4C19-8BCF-4A5D5B7603E2}.Release|Any CPU.ActiveCfg = Release|Any CPU
		{DCBA41C1-9698-4C19-8BCF-4A5D5B7603E2}.Release|Any CPU.Build.0 = Release|Any CPU
	EndGlobalSection
	GlobalSection(SolutionProperties) = preSolution
		HideSolutionNode = FALSE
	EndGlobalSection
	GlobalSection(ExtensibilityGlobals) = postSolution
		SolutionGuid = {35E1D420-DF51-46B6-8898-A1F4881A48E3}
	EndGlobalSection
EndGlobal
